
Microsoft Visual Studio Solution File, Format Version 12.00
# Visual Studio Version 16
VisualStudioVersion = 16.0.30621.155
MinimumVisualStudioVersion = 10.0.40219.1
Project("{FAE04EC0-301F-11D3-BF4B-00C04F79EFBC}") = "PomoćniProjekatGamingHub", "PomoćniProjekatGamingHub\PomoćniProjekatGamingHub.csproj", "{BE1D09FA-A4F3-4191-B91B-D2854458C430}"
EndProject
Global
	GlobalSection(SolutionConfigurationPlatforms) = preSolution
		Debug|Any CPU = Debug|Any CPU
		Release|Any CPU = Release|Any CPU
	EndGlobalSection
	GlobalSection(ProjectConfigurationPlatforms) = postSolution
		{BE1D09FA-A4F3-4191-B91B-D2854458C430}.Debug|Any CPU.ActiveCfg = Debug|Any CPU
		{BE1D09FA-A4F3-4191-B91B-D2854458C430}.Debug|Any CPU.Build.0 = Debug|Any CPU
		{BE1D09FA-A4F3-4191-B91B-D2854458C430}.Release|Any CPU.ActiveCfg = Release|Any CPU
		{BE1D09FA-A4F3-4191-B91B-D2854458C430}.Release|Any CPU.Build.0 = Release|Any CPU
	EndGlobalSection
	GlobalSection(SolutionProperties) = preSolution
		HideSolutionNode = FALSE
	EndGlobalSection
	GlobalSection(ExtensibilityGlobals) = postSolution
		SolutionGuid = {64D1213B-0DDE-4B08-8552-AC5711176FDA}
	EndGlobalSection
EndGlobal
